
Microsoft Visual Studio Solution File, Format Version 12.00
# Visual Studio Version 17
VisualStudioVersion = 17.14.36109.1 d17.14
MinimumVisualStudioVersion = 10.0.40219.1
Project("{FAE04EC0-301F-11D3-BF4B-00C04F79EFBC}") = "HackerNews.Backend", "HackerNews.Backend.csproj", "{98024904-2784-3003-5C11-8C5AB8D52010}"
EndProject
Global
	GlobalSection(SolutionConfigurationPlatforms) = preSolution
		Debug|Any CPU = Debug|Any CPU
		Release|Any CPU = Release|Any CPU
	EndGlobalSection
	GlobalSection(ProjectConfigurationPlatforms) = postSolution
		{98024904-2784-3003-5C11-8C5AB8D52010}.Debug|Any CPU.ActiveCfg = Debug|Any CPU
		{98024904-2784-3003-5C11-8C5AB8D52010}.Debug|Any CPU.Build.0 = Debug|Any CPU
		{98024904-2784-3003-5C11-8C5AB8D52010}.Release|Any CPU.ActiveCfg = Release|Any CPU
		{98024904-2784-3003-5C11-8C5AB8D52010}.Release|Any CPU.Build.0 = Release|Any CPU
	EndGlobalSection
	GlobalSection(SolutionProperties) = preSolution
		HideSolutionNode = FALSE
	EndGlobalSection
	GlobalSection(ExtensibilityGlobals) = postSolution
		SolutionGuid = {3E6C4CDA-F4CC-408D-92E8-FB7F0F29A1DC}
	EndGlobalSection
EndGlobal
